<?xml version="1.0" encoding="utf-8"?>
<Project ToolsVersion="4.0" xmlns="http://schemas.microsoft.com/developer/msbuild/2003">
  <ItemGroup>
    <Filter Include="Source Files">
      <UniqueIdentifier>{4FC737F1-C7A5-4376-A066-2A32D752A2FF}</UniqueIdentifier>
      <Extensions>cpp;c;cc;cxx;def;odl;idl;hpj;bat;asm;asmx</Extensions>
    </Filter>
    <Filter Include="Header Files">
      <UniqueIdentifier>{93995380-89BD-4b04-88EB-625FBE52EBFB}</UniqueIdentifier>
      <Extensions>h;hh;hpp;hxx;hm;inl;inc;xsd</Extensions>
    </Filter>
    <Filter Include="Resource Files">
      <UniqueIdentifier>{67DA6AB6-F800-4c08-8B7A-83BB121AAD01}</UniqueIdentifier>
      <Extensions>rc;ico;cur;bmp;dlg;rc2;rct;bin;rgs;gif;jpg;jpeg;jpe;resx;tiff;tif;png;wav;mfcribbon-ms</Extensions>
    </Filter>
    <Filter Include="Source Files\Components">
      <UniqueIdentifier>{ebbf127d-885b-4fb2-9c38-817f075f44fe}</UniqueIdentifier>
    </Filter>
    <Filter Include="Header Files\Components">
      <UniqueIdentifier>{987277c4-0424-4f13-9729-d699b257781f}</UniqueIdentifier>
    </Filter>
    <Filter Include="Shaders">
      <UniqueIdentifier>{dd44f7aa-8cbd-4db1-a5b7-5d748523a6fe}</UniqueIdentifier>
    </Filter>
    <Filter Include="Source Files\GameplayComponents">
      <UniqueIdentifier>{a077dbb6-9d15-4127-b4de-85a2034c3e05}</UniqueIdentifier>
    </Filter>
    <Filter Include="Source Files\LowerLayer">
      <UniqueIdentifier>{24853f5e-92c4-4d71-a3ae-cab087e70d61}</UniqueIdentifier>
    </Filter>
    <Filter Include="Header Files\LowerLayer">
      <UniqueIdentifier>{e04cfe09-1923-43c0-b7f4-7b767619143e}</UniqueIdentifier>
    </Filter>
    <Filter Include="Header Files\GameplayComponents">
      <UniqueIdentifier>{6e21a2d8-bd88-43a2-bf8a-0c68b0a2ebc9}</UniqueIdentifier>
    </Filter>
  </ItemGroup>
  <ItemGroup>
    <ClCompile Include="CameraComponent.cpp">
      <Filter>Source Files\Components</Filter>
    </ClCompile>
    <ClCompile Include="RenderComponent.cpp">
      <Filter>Source Files\Components</Filter>
    </ClCompile>
    <ClCompile Include="ModelComponent.cpp">
      <Filter>Source Files\Components</Filter>
    </ClCompile>
    <ClCompile Include="ControllerComponent.cpp">
      <Filter>Source Files\Components</Filter>
    </ClCompile>
    <ClCompile Include="CollisionComponent.cpp">
      <Filter>Source Files\Components</Filter>
    </ClCompile>
    <ClCompile Include="LineRenderer.cpp">
      <Filter>Source Files\Components</Filter>
    </ClCompile>
    <ClCompile Include="TestRotation.cpp">
      <Filter>Source Files\GameplayComponents</Filter>
    </ClCompile>
    <ClCompile Include="GameCam.cpp">
      <Filter>Source Files\GameplayComponents</Filter>
    </ClCompile>
    <ClCompile Include="FreeCam.cpp">
      <Filter>Source Files\GameplayComponents</Filter>
    </ClCompile>
    <ClCompile Include="Camera.cpp">
      <Filter>Source Files\LowerLayer</Filter>
    </ClCompile>
    <ClCompile Include="Component.cpp">
      <Filter>Source Files\LowerLayer</Filter>
    </ClCompile>
    <ClCompile Include="GameObject.cpp">
      <Filter>Source Files\LowerLayer</Filter>
    </ClCompile>
    <ClCompile Include="GameSetup.cpp">
      <Filter>Source Files\LowerLayer</Filter>
    </ClCompile>
    <ClCompile Include="glad.c">
      <Filter>Source Files\LowerLayer</Filter>
    </ClCompile>
    <ClCompile Include="Input.cpp">
      <Filter>Source Files\LowerLayer</Filter>
    </ClCompile>
    <ClCompile Include="main.cpp">
      <Filter>Source Files\LowerLayer</Filter>
    </ClCompile>
    <ClCompile Include="Mesh.cpp">
      <Filter>Source Files\LowerLayer</Filter>
    </ClCompile>
    <ClCompile Include="Model.cpp">
      <Filter>Source Files\LowerLayer</Filter>
    </ClCompile>
    <ClCompile Include="Shader.cpp">
      <Filter>Source Files\LowerLayer</Filter>
    </ClCompile>
    <ClCompile Include="Texture.cpp">
      <Filter>Source Files\LowerLayer</Filter>
    </ClCompile>
    <ClCompile Include="Tools.cpp">
      <Filter>Source Files\LowerLayer</Filter>
    </ClCompile>
    <ClCompile Include="Vec.cpp">
      <Filter>Source Files\LowerLayer</Filter>
    </ClCompile>
    <ClCompile Include="Vertex.cpp">
      <Filter>Source Files\LowerLayer</Filter>
    </ClCompile>
    <ClCompile Include="Window.cpp">
      <Filter>Source Files\LowerLayer</Filter>
    </ClCompile>
    <ClCompile Include="PlayerInput.cpp">
      <Filter>Source Files\GameplayComponents</Filter>
    </ClCompile>
    <ClCompile Include="ProjectileCannon.cpp">
      <Filter>Source Files\GameplayComponents</Filter>
    </ClCompile>
    <ClCompile Include="Bullet.cpp">
      <Filter>Source Files\GameplayComponents</Filter>
    </ClCompile>
  </ItemGroup>
  <ItemGroup>
    <ClInclude Include="CameraComponent.h">
      <Filter>Header Files\Components</Filter>
    </ClInclude>
    <ClInclude Include="RenderComponent.h">
      <Filter>Header Files\Components</Filter>
    </ClInclude>
    <ClInclude Include="ModelComponent.h">
      <Filter>Header Files\Components</Filter>
    </ClInclude>
    <ClInclude Include="ControllerComponent.h">
      <Filter>Header Files\Components</Filter>
    </ClInclude>
    <ClInclude Include="CollisionComponent.h">
      <Filter>Header Files\Components</Filter>
    </ClInclude>
    <ClInclude Include="LineRenderer.h">
      <Filter>Header Files\Components</Filter>
    </ClInclude>
    <ClInclude Include="GameCam.h">
      <Filter>Header Files\GameplayComponents</Filter>
    </ClInclude>
    <ClInclude Include="FreeCam.h">
      <Filter>Header Files\GameplayComponents</Filter>
    </ClInclude>
    <ClInclude Include="TestRotation.h">
      <Filter>Header Files\GameplayComponents</Filter>
    </ClInclude>
    <ClInclude Include="Camera.h">
      <Filter>Header Files\LowerLayer</Filter>
    </ClInclude>
    <ClInclude Include="Component.h">
      <Filter>Header Files\LowerLayer</Filter>
    </ClInclude>
    <ClInclude Include="GameObject.h">
      <Filter>Header Files\LowerLayer</Filter>
    </ClInclude>
    <ClInclude Include="GameSetup.h">
      <Filter>Header Files\LowerLayer</Filter>
    </ClInclude>
    <ClInclude Include="Input.h">
      <Filter>Header Files\LowerLayer</Filter>
    </ClInclude>
    <ClInclude Include="Mesh.h">
      <Filter>Header Files\LowerLayer</Filter>
    </ClInclude>
    <ClInclude Include="Model.h">
      <Filter>Header Files\LowerLayer</Filter>
    </ClInclude>
    <ClInclude Include="Shader.h">
      <Filter>Header Files\LowerLayer</Filter>
    </ClInclude>
    <ClInclude Include="Texture.h">
      <Filter>Header Files\LowerLayer</Filter>
    </ClInclude>
    <ClInclude Include="Tools.h">
      <Filter>Header Files\LowerLayer</Filter>
    </ClInclude>
    <ClInclude Include="Vec.h">
      <Filter>Header Files\LowerLayer</Filter>
    </ClInclude>
    <ClInclude Include="Vertex.h">
      <Filter>Header Files\LowerLayer</Filter>
    </ClInclude>
    <ClInclude Include="Window.h">
      <Filter>Header Files\LowerLayer</Filter>
    </ClInclude>
    <ClInclude Include="PlayerInput.h">
      <Filter>Header Files\GameplayComponents</Filter>
    </ClInclude>
    <ClInclude Include="Bullet.h">
      <Filter>Header Files\GameplayComponents</Filter>
    </ClInclude>
    <ClInclude Include="ProjectileCannon.h">
      <Filter>Header Files\GameplayComponents</Filter>
    </ClInclude>
  </ItemGroup>
  <ItemGroup>
    <None Include="DefaultShader.vs">
      <Filter>Shaders</Filter>
    </None>
    <None Include="DefaultShader.fs">
      <Filter>Shaders</Filter>
    </None>
    <None Include="PhongShader.vs">
      <Filter>Shaders</Filter>
    </None>
    <None Include="PhongShader.fs">
      <Filter>Shaders</Filter>
    </None>
  </ItemGroup>
</Project>